{
  "name": "guillotin",
  "lockfileVersion": 2,
  "requires": true,
  "packages": {
    "": {
      "devDependencies": {
        "@recodable/prettier-config": "^0.0.1"
      }
    },
    "node_modules/@recodable/prettier-config": {
      "version": "0.0.1",
      "resolved": "https://registry.npmjs.org/@recodable/prettier-config/-/prettier-config-0.0.1.tgz",
      "integrity": "sha512-oUVWlzrR46Ucx/VzER0Wh5IzBXsXMJ8f9XqdOLpfn6Tw9XyETrqSPIVd59fc1ED1ykX/OtzxotJlxib/tDvaMg==",
      "dev": true
    }
  },
  "dependencies": {
    "@recodable/prettier-config": {
      "version": "0.0.1",
      "resolved": "https://registry.npmjs.org/@recodable/prettier-config/-/prettier-config-0.0.1.tgz",
      "integrity": "sha512-oUVWlzrR46Ucx/VzER0Wh5IzBXsXMJ8f9XqdOLpfn6Tw9XyETrqSPIVd59fc1ED1ykX/OtzxotJlxib/tDvaMg==",
      "dev": true
    }
  }
}
